{
    "_meta": {
        "hash": {
            "sha256": "8443822cd19fcf872328851bc249568b0ff64b6e9eb18ab353552128e37436ab"
        },
        "pipfile-spec": 6,
        "requires": {
            "python_version": "3"
        },
        "sources": [
            {
                "name": "testpypi",
                "url": "https://test.pypi.org/simple/",
                "verify_ssl": true
            }
        ]
    },
    "default": {
        "examplepackageteam12p3": {
            "hashes": [
                "sha256:0ced0f85e26877fc0007a2b162922bb734f6664cc72cafa5008453ee4dab74dc",
                "sha256:11d6010e5066ca0e12750c30126a8ae396c3ae9e5fe2448f6c2b48757f5c29eb"
            ],
            "index": "testpypi",
            "version": "==0.1.7"
        },
        "numpy": {
            "hashes": [
                "sha256:73e0e6e818903616e707e95e06cc5446eab3a17e69ddd70d144fd8e4647e0795",
                "sha256:f50e530177b20453d946711e3ca1a317ea9026832cac9e96faf72ffea8f81ddf"
            ],
            "version": "==1.9.3"
        },
        "pytest": {
            "hashes": [
                "sha256:c9d2bdfd493b5598bad3b22777e26b0303749a80f5ebd37605cffe7dba574075"
            ],
            "index": "testpypi",
            "version": "==0.0.0.dev1"
        }
    },
    "develop": {}
}
